// !$*UTF8*$!
{
	archiveVersion = 1;
	classes = {
	};
	objectVersion = 56;
	objects = {

/* Begin PBXBuildFile section */
		F21CAD692BB70D2300BE3BFE /* DeviceCommunication.mm in Sources */ = {isa = PBXBuildFile; fileRef = F21CAD652BB70D2200BE3BFE /* DeviceCommunication.mm */; };
		F21CAD6A2BB70D2300BE3BFE /* SerialPortCommunication.mm in Sources */ = {isa = PBXBuildFile; fileRef = F21CAD662BB70D2200BE3BFE /* SerialPortCommunication.mm */; };
		F21CAD6B2BB70D2300BE3BFE /* SerialPortCommunication.h in Headers */ = {isa = PBXBuildFile; fileRef = F21CAD672BB70D2300BE3BFE /* SerialPortCommunication.h */; };
		F21CAD6C2BB70D2300BE3BFE /* DeviceCommunication.h in Headers */ = {isa = PBXBuildFile; fileRef = F21CAD682BB70D2300BE3BFE /* DeviceCommunication.h */; };
/* End PBXBuildFile section */

/* Begin PBXFileReference section */
		F21CAD592BB70CF300BE3BFE /* libSerialPort.a */ = {isa = PBXFileReference; explicitFileType = archive.ar; includeInIndex = 0; path = libSerialPort.a; sourceTree = BUILT_PRODUCTS_DIR; };
		F21CAD652BB70D2200BE3BFE /* DeviceCommunication.mm */ = {isa = PBXFileReference; fileEncoding = 4; lastKnownFileType = sourcecode.cpp.objcpp; path = DeviceCommunication.mm; sourceTree = "<group>"; };
		F21CAD662BB70D2200BE3BFE /* SerialPortCommunication.mm */ = {isa = PBXFileReference; fileEncoding = 4; lastKnownFileType = sourcecode.cpp.objcpp; path = SerialPortCommunication.mm; sourceTree = "<group>"; };
		F21CAD672BB70D2300BE3BFE /* SerialPortCommunication.h */ = {isa = PBXFileReference; fileEncoding = 4; lastKnownFileType = sourcecode.c.h; path = SerialPortCommunication.h; sourceTree = "<group>"; };
		F21CAD682BB70D2300BE3BFE /* DeviceCommunication.h */ = {isa = PBXFileReference; fileEncoding = 4; lastKnownFileType = sourcecode.c.h; path = DeviceCommunication.h; sourceTree = "<group>"; };
/* End PBXFileReference section */

/* Begin PBXFrameworksBuildPhase section */
		F21CAD572BB70CF300BE3BFE /* Frameworks */ = {
			isa = PBXFrameworksBuildPhase;
			buildActionMask = 2147483647;
			files = (
			);
			runOnlyForDeploymentPostprocessing = 0;
		};
/* End PBXFrameworksBuildPhase section */

/* Begin PBXGroup section */
		F21CAD502BB70CF300BE3BFE = {
			isa = PBXGroup;
			children = (
				F21CAD5B2BB70CF300BE3BFE /* SerialPort */,
				F21CAD5A2BB70CF300BE3BFE /* Products */,
			);
			sourceTree = "<group>";
		};
		F21CAD5A2BB70CF300BE3BFE /* Products */ = {
			isa = PBXGroup;
			children = (
				F21CAD592BB70CF300BE3BFE /* libSerialPort.a */,
			);
			name = Products;
			sourceTree = "<group>";
		};
		F21CAD5B2BB70CF300BE3BFE /* SerialPort */ = {
			isa = PBXGroup;
			children = (
				F21CAD682BB70D2300BE3BFE /* DeviceCommunication.h */,
				F21CAD652BB70D2200BE3BFE /* DeviceCommunication.mm */,
				F21CAD672BB70D2300BE3BFE /* SerialPortCommunication.h */,
				F21CAD662BB70D2200BE3BFE /* SerialPortCommunication.mm */,
			);
			path = SerialPort;
			sourceTree = "<group>";
		};
/* End PBXGroup section */

/* Begin PBXHeadersBuildPhase section */
		F21CAD552BB70CF300BE3BFE /* Headers */ = {
			isa = PBXHeadersBuildPhase;
			buildActionMask = 2147483647;
			files = (
				F21CAD6B2BB70D2300BE3BFE /* SerialPortCommunication.h in Headers */,
				F21CAD6C2BB70D2300BE3BFE /* DeviceCommunication.h in Headers */,
			);
			runOnlyForDeploymentPostprocessing = 0;
		};
/* End PBXHeadersBuildPhase section */

/* Begin PBXNativeTarget section */
		F21CAD582BB70CF300BE3BFE /* SerialPort */ = {
			isa = PBXNativeTarget;
			buildConfigurationList = F21CAD622BB70CF300BE3BFE /* Build configuration list for PBXNativeTarget "SerialPort" */;
			buildPhases = (
				F21CAD552BB70CF300BE3BFE /* Headers */,
				F21CAD562BB70CF300BE3BFE /* Sources */,
				F21CAD572BB70CF300BE3BFE /* Frameworks */,
			);
			buildRules = (
			);
			dependencies = (
			);
			name = SerialPort;
			productName = SerialPort;
			productReference = F21CAD592BB70CF300BE3BFE /* libSerialPort.a */;
			productType = "com.apple.product-type.library.static";
		};
/* End PBXNativeTarget section */

/* Begin PBXProject section */
		F21CAD512BB70CF300BE3BFE /* Project object */ = {
			isa = PBXProject;
			attributes = {
				BuildIndependentTargetsInParallel = 1;
				LastUpgradeCheck = 1540;
				TargetAttributes = {
					F21CAD582BB70CF300BE3BFE = {
						CreatedOnToolsVersion = 15.3;
					};
				};
			};
			buildConfigurationList = F21CAD542BB70CF300BE3BFE /* Build configuration list for PBXProject "SerialPort" */;
			compatibilityVersion = "Xcode 14.0";
			developmentRegion = en;
			hasScannedForEncodings = 0;
			knownRegions = (
				en,
				Base,
			);
			mainGroup = F21CAD502BB70CF300BE3BFE;
			productRefGroup = F21CAD5A2BB70CF300BE3BFE /* Products */;
			projectDirPath = "";
			projectRoot = "";
			targets = (
				F21CAD582BB70CF300BE3BFE /* SerialPort */,
			);
		};
/* End PBXProject section */

/* Begin PBXSourcesBuildPhase section */
		F21CAD562BB70CF300BE3BFE /* Sources */ = {
			isa = PBXSourcesBuildPhase;
			buildActionMask = 2147483647;
			files = (
				F21CAD692BB70D2300BE3BFE /* DeviceCommunication.mm in Sources */,
				F21CAD6A2BB70D2300BE3BFE /* SerialPortCommunication.mm in Sources */,
			);
			runOnlyForDeploymentPostprocessing = 0;
		};
/* End PBXSourcesBuildPhase section */

/* Begin XCBuildConfiguration section */
		F21CAD602BB70CF300BE3BFE /* Debug */ = {
			isa = XCBuildConfiguration;
			buildSettings = {
				ALWAYS_SEARCH_USER_PATHS = NO;
				ASSETCATALOG_COMPILER_GENERATE_SWIFT_ASSET_SYMBOL_EXTENSIONS = YES;
				CLANG_ANALYZER_NONNULL = YES;
				CLANG_ANALYZER_NUMBER_OBJECT_CONVERSION = YES_AGGRESSIVE;
				CLANG_CXX_LANGUAGE_STANDARD = "gnu++20";
				CLANG_ENABLE_MODULES = YES;
				CLANG_ENABLE_OBJC_ARC = YES;
				CLANG_ENABLE_OBJC_WEAK = YES;
				CLANG_WARN_BLOCK_CAPTURE_AUTORELEASING = YES;
				CLANG_WARN_BOOL_CONVERSION = YES;
				CLANG_WARN_COMMA = YES;
				CLANG_WARN_CONSTANT_CONVERSION = YES;
				CLANG_WARN_DEPRECATED_OBJC_IMPLEMENTATIONS = YES;
				CLANG_WARN_DIRECT_OBJC_ISA_USAGE = YES_ERROR;
				CLANG_WARN_DOCUMENTATION_COMMENTS = YES;
				CLANG_WARN_EMPTY_BODY = YES;
				CLANG_WARN_ENUM_CONVERSION = YES;
				CLANG_WARN_INFINITE_RECURSION = YES;
				CLANG_WARN_INT_CONVERSION = YES;
				CLANG_WARN_NON_LITERAL_NULL_CONVERSION = YES;
				CLANG_WARN_OBJC_IMPLICIT_RETAIN_SELF = YES;
				CLANG_WARN_OBJC_LITERAL_CONVERSION = YES;
				CLANG_WARN_OBJC_ROOT_CLASS = YES_ERROR;
				CLANG_WARN_QUOTED_INCLUDE_IN_FRAMEWORK_HEADER = YES;
				CLANG_WARN_RANGE_LOOP_ANALYSIS = YES;
				CLANG_WARN_STRICT_PROTOTYPES = YES;
				CLANG_WARN_SUSPICIOUS_MOVE = YES;
				CLANG_WARN_UNGUARDED_AVAILABILITY = YES_AGGRESSIVE;
				CLANG_WARN_UNREACHABLE_CODE = YES;
				CLANG_WARN__DUPLICATE_METHOD_MATCH = YES;
				COPY_PHASE_STRIP = NO;
				DEAD_CODE_STRIPPING = YES;
				DEBUG_INFORMATION_FORMAT = dwarf;
				ENABLE_STRICT_OBJC_MSGSEND = YES;
				ENABLE_TESTABILITY = YES;
				ENABLE_USER_SCRIPT_SANDBOXING = YES;
				GCC_C_LANGUAGE_STANDARD = gnu17;
				GCC_DYNAMIC_NO_PIC = NO;
				GCC_NO_COMMON_BLOCKS = YES;
				GCC_OPTIMIZATION_LEVEL = 0;
				GCC_PREPROCESSOR_DEFINITIONS = (
					"DEBUG=1",
					"$(inherited)",
				);
				GCC_WARN_64_TO_32_BIT_CONVERSION = YES;
				GCC_WARN_ABOUT_RETURN_TYPE = YES_ERROR;
				GCC_WARN_UNDECLARED_SELECTOR = YES;
				GCC_WARN_UNINITIALIZED_AUTOS = YES_AGGRESSIVE;
				GCC_WARN_UNUSED_FUNCTION = YES;
				GCC_WARN_UNUSED_VARIABLE = YES;
				LOCALIZATION_PREFERS_STRING_CATALOGS = YES;
				MACOSX_DEPLOYMENT_TARGET = 14.2;
				MTL_ENABLE_DEBUG_INFO = INCLUDE_SOURCE;
				MTL_FAST_MATH = YES;
				ONLY_ACTIVE_ARCH = YES;
				SDKROOT = macosx;
			};
			name = Debug;
		};
		F21CAD612BB70CF300BE3BFE /* Release */ = {
			isa = XCBuildConfiguration;
			buildSettings = {
				ALWAYS_SEARCH_USER_PATHS = NO;
				ASSETCATALOG_COMPILER_GENERATE_SWIFT_ASSET_SYMBOL_EXTENSIONS = YES;
				CLANG_ANALYZER_NONNULL = YES;
				CLANG_ANALYZER_NUMBER_OBJECT_CONVERSION = YES_AGGRESSIVE;
				CLANG_CXX_LANGUAGE_STANDARD = "gnu++20";
				CLANG_ENABLE_MODULES = YES;
				CLANG_ENABLE_OBJC_ARC = YES;
				CLANG_ENABLE_OBJC_WEAK = YES;
				CLANG_WARN_BLOCK_CAPTURE_AUTORELEASING = YES;
				CLANG_WARN_BOOL_CONVERSION = YES;
				CLANG_WARN_COMMA = YES;
				CLANG_WARN_CONSTANT_CONVERSION = YES;
				CLANG_WARN_DEPRECATED_OBJC_IMPLEMENTATIONS = YES;
				CLANG_WARN_DIRECT_OBJC_ISA_USAGE = YES_ERROR;
				CLANG_WARN_DOCUMENTATION_COMMENTS = YES;
				CLANG_WARN_EMPTY_BODY = YES;
				CLANG_WARN_ENUM_CONVERSION = YES;
				CLANG_WARN_INFINITE_RECURSION = YES;
				CLANG_WARN_INT_CONVERSION = YES;
				CLANG_WARN_NON_LITERAL_NULL_CONVERSION = YES;
				CLANG_WARN_OBJC_IMPLICIT_RETAIN_SELF = YES;
				CLANG_WARN_OBJC_LITERAL_CONVERSION = YES;
				CLANG_WARN_OBJC_ROOT_CLASS = YES_ERROR;
				CLANG_WARN_QUOTED_INCLUDE_IN_FRAMEWORK_HEADER = YES;
				CLANG_WARN_RANGE_LOOP_ANALYSIS = YES;
				CLANG_WARN_STRICT_PROTOTYPES = YES;
				CLANG_WARN_SUSPICIOUS_MOVE = YES;
				CLANG_WARN_UNGUARDED_AVAILABILITY = YES_AGGRESSIVE;
				CLANG_WARN_UNREACHABLE_CODE = YES;
				CLANG_WARN__DUPLICATE_METHOD_MATCH = YES;
				COPY_PHASE_STRIP = NO;
				DEAD_CODE_STRIPPING = YES;
				DEBUG_INFORMATION_FORMAT = "dwarf-with-dsym";
				ENABLE_NS_ASSERTIONS = NO;
				ENABLE_STRICT_OBJC_MSGSEND = YES;
				ENABLE_USER_SCRIPT_SANDBOXING = YES;
				GCC_C_LANGUAGE_STANDARD = gnu17;
				GCC_NO_COMMON_BLOCKS = YES;
				GCC_WARN_64_TO_32_BIT_CONVERSION = YES;
				GCC_WARN_ABOUT_RETURN_TYPE = YES_ERROR;
				GCC_WARN_UNDECLARED_SELECTOR = YES;
				GCC_WARN_UNINITIALIZED_AUTOS = YES_AGGRESSIVE;
				GCC_WARN_UNUSED_FUNCTION = YES;
				GCC_WARN_UNUSED_VARIABLE = YES;
				LOCALIZATION_PREFERS_STRING_CATALOGS = YES;
				MACOSX_DEPLOYMENT_TARGET = 14.2;
				MTL_ENABLE_DEBUG_INFO = NO;
				MTL_FAST_MATH = YES;
				SDKROOT = macosx;
			};
			name = Release;
		};
		F21CAD632BB70CF300BE3BFE /* Debug */ = {
			isa = XCBuildConfiguration;
			buildSettings = {
				CODE_SIGN_STYLE = Automatic;
				DEAD_CODE_STRIPPING = YES;
				DEVELOPMENT_TEAM = RU6HM6JTH5;
				EXECUTABLE_PREFIX = lib;
				PRODUCT_NAME = "$(TARGET_NAME)";
				SKIP_INSTALL = YES;
			};
			name = Debug;
		};
		F21CAD642BB70CF300BE3BFE /* Release */ = {
			isa = XCBuildConfiguration;
			buildSettings = {
				CODE_SIGN_STYLE = Automatic;
				DEAD_CODE_STRIPPING = YES;
				DEVELOPMENT_TEAM = RU6HM6JTH5;
				EXECUTABLE_PREFIX = lib;
				PRODUCT_NAME = "$(TARGET_NAME)";
				SKIP_INSTALL = YES;
			};
			name = Release;
		};
/* End XCBuildConfiguration section */

/* Begin XCConfigurationList section */
		F21CAD542BB70CF300BE3BFE /* Build configuration list for PBXProject "SerialPort" */ = {
			isa = XCConfigurationList;
			buildConfigurations = (
				F21CAD602BB70CF300BE3BFE /* Debug */,
				F21CAD612BB70CF300BE3BFE /* Release */,
			);
			defaultConfigurationIsVisible = 0;
			defaultConfigurationName = Release;
		};
		F21CAD622BB70CF300BE3BFE /* Build configuration list for PBXNativeTarget "SerialPort" */ = {
			isa = XCConfigurationList;
			buildConfigurations = (
				F21CAD632BB70CF300BE3BFE /* Debug */,
				F21CAD642BB70CF300BE3BFE /* Release */,
			);
			defaultConfigurationIsVisible = 0;
			defaultConfigurationName = Release;
		};
/* End XCConfigurationList section */
	};
	rootObject = F21CAD512BB70CF300BE3BFE /* Project object */;
}
