// !$*UTF8*$!
{
	archiveVersion = 1;
	classes = {
	};
	objectVersion = 56;
	objects = {

/* Begin PBXBuildFile section */
		F299DFAC2C974CA9007A15D7 /* TransportComm.h in Headers */ = {isa = PBXBuildFile; fileRef = F299DFAB2C974CA9007A15D7 /* TransportComm.h */; };
		F299DFB02C974CA9007A15D7 /* TransportComm.cpp in Sources */ = {isa = PBXBuildFile; fileRef = F299DFAF2C974CA9007A15D7 /* TransportComm.cpp */; };
		F299DFB82C98D82A007A15D7 /* ProcessorComm.h in Headers */ = {isa = PBXBuildFile; fileRef = F299DFB62C98D82A007A15D7 /* ProcessorComm.h */; };
		F299DFB92C98D82A007A15D7 /* ProcessorComm.cpp in Sources */ = {isa = PBXBuildFile; fileRef = F299DFB72C98D82A007A15D7 /* ProcessorComm.cpp */; };
		F299DFC02C993AEE007A15D7 /* PipeComm.h in Headers */ = {isa = PBXBuildFile; fileRef = F299DFBE2C993AEE007A15D7 /* PipeComm.h */; };
		F299DFC12C993AEE007A15D7 /* PipeComm.cpp in Sources */ = {isa = PBXBuildFile; fileRef = F299DFBF2C993AEE007A15D7 /* PipeComm.cpp */; };
/* End PBXBuildFile section */

/* Begin PBXFileReference section */
		F299DFA82C974CA9007A15D7 /* libPipeComm.a */ = {isa = PBXFileReference; explicitFileType = archive.ar; includeInIndex = 0; path = libPipeComm.a; sourceTree = BUILT_PRODUCTS_DIR; };
		F299DFAB2C974CA9007A15D7 /* TransportComm.h */ = {isa = PBXFileReference; lastKnownFileType = sourcecode.c.h; path = TransportComm.h; sourceTree = "<group>"; };
		F299DFAF2C974CA9007A15D7 /* TransportComm.cpp */ = {isa = PBXFileReference; lastKnownFileType = sourcecode.cpp.cpp; path = TransportComm.cpp; sourceTree = "<group>"; };
		F299DFB62C98D82A007A15D7 /* ProcessorComm.h */ = {isa = PBXFileReference; fileEncoding = 4; lastKnownFileType = sourcecode.c.h; path = ProcessorComm.h; sourceTree = "<group>"; };
		F299DFB72C98D82A007A15D7 /* ProcessorComm.cpp */ = {isa = PBXFileReference; fileEncoding = 4; lastKnownFileType = sourcecode.cpp.cpp; path = ProcessorComm.cpp; sourceTree = "<group>"; };
		F299DFBE2C993AEE007A15D7 /* PipeComm.h */ = {isa = PBXFileReference; fileEncoding = 4; lastKnownFileType = sourcecode.c.h; path = PipeComm.h; sourceTree = "<group>"; };
		F299DFBF2C993AEE007A15D7 /* PipeComm.cpp */ = {isa = PBXFileReference; fileEncoding = 4; lastKnownFileType = sourcecode.cpp.cpp; path = PipeComm.cpp; sourceTree = "<group>"; };
/* End PBXFileReference section */

/* Begin PBXFrameworksBuildPhase section */
		F299DFA62C974CA9007A15D7 /* Frameworks */ = {
			isa = PBXFrameworksBuildPhase;
			buildActionMask = 2147483647;
			files = (
			);
			runOnlyForDeploymentPostprocessing = 0;
		};
/* End PBXFrameworksBuildPhase section */

/* Begin PBXGroup section */
		F299DF9F2C974CA9007A15D7 = {
			isa = PBXGroup;
			children = (
				F299DFBF2C993AEE007A15D7 /* PipeComm.cpp */,
				F299DFBE2C993AEE007A15D7 /* PipeComm.h */,
				F299DFB72C98D82A007A15D7 /* ProcessorComm.cpp */,
				F299DFB62C98D82A007A15D7 /* ProcessorComm.h */,
				F299DFAB2C974CA9007A15D7 /* TransportComm.h */,
				F299DFAF2C974CA9007A15D7 /* TransportComm.cpp */,
				F299DFA92C974CA9007A15D7 /* Products */,
			);
			sourceTree = "<group>";
		};
		F299DFA92C974CA9007A15D7 /* Products */ = {
			isa = PBXGroup;
			children = (
				F299DFA82C974CA9007A15D7 /* libPipeComm.a */,
			);
			name = Products;
			sourceTree = "<group>";
		};
/* End PBXGroup section */

/* Begin PBXHeadersBuildPhase section */
		F299DFA42C974CA9007A15D7 /* Headers */ = {
			isa = PBXHeadersBuildPhase;
			buildActionMask = 2147483647;
			files = (
				F299DFC02C993AEE007A15D7 /* PipeComm.h in Headers */,
				F299DFAC2C974CA9007A15D7 /* TransportComm.h in Headers */,
				F299DFB82C98D82A007A15D7 /* ProcessorComm.h in Headers */,
			);
			runOnlyForDeploymentPostprocessing = 0;
		};
/* End PBXHeadersBuildPhase section */

/* Begin PBXNativeTarget section */
		F299DFA72C974CA9007A15D7 /* PipeComm */ = {
			isa = PBXNativeTarget;
			buildConfigurationList = F299DFB32C974CA9007A15D7 /* Build configuration list for PBXNativeTarget "PipeComm" */;
			buildPhases = (
				F299DFA42C974CA9007A15D7 /* Headers */,
				F299DFA52C974CA9007A15D7 /* Sources */,
				F299DFA62C974CA9007A15D7 /* Frameworks */,
			);
			buildRules = (
			);
			dependencies = (
			);
			name = PipeComm;
			productName = PipeComm;
			productReference = F299DFA82C974CA9007A15D7 /* libPipeComm.a */;
			productType = "com.apple.product-type.library.static";
		};
/* End PBXNativeTarget section */

/* Begin PBXProject section */
		F299DFA02C974CA9007A15D7 /* Project object */ = {
			isa = PBXProject;
			attributes = {
				BuildIndependentTargetsInParallel = 1;
				LastUpgradeCheck = 1540;
				TargetAttributes = {
					F299DFA72C974CA9007A15D7 = {
						CreatedOnToolsVersion = 15.4;
					};
				};
			};
			buildConfigurationList = F299DFA32C974CA9007A15D7 /* Build configuration list for PBXProject "PipeComm" */;
			compatibilityVersion = "Xcode 14.0";
			developmentRegion = en;
			hasScannedForEncodings = 0;
			knownRegions = (
				en,
				Base,
			);
			mainGroup = F299DF9F2C974CA9007A15D7;
			productRefGroup = F299DFA92C974CA9007A15D7 /* Products */;
			projectDirPath = "";
			projectRoot = "";
			targets = (
				F299DFA72C974CA9007A15D7 /* PipeComm */,
			);
		};
/* End PBXProject section */

/* Begin PBXSourcesBuildPhase section */
		F299DFA52C974CA9007A15D7 /* Sources */ = {
			isa = PBXSourcesBuildPhase;
			buildActionMask = 2147483647;
			files = (
				F299DFB92C98D82A007A15D7 /* ProcessorComm.cpp in Sources */,
				F299DFC12C993AEE007A15D7 /* PipeComm.cpp in Sources */,
				F299DFB02C974CA9007A15D7 /* TransportComm.cpp in Sources */,
			);
			runOnlyForDeploymentPostprocessing = 0;
		};
/* End PBXSourcesBuildPhase section */

/* Begin XCBuildConfiguration section */
		F299DFB12C974CA9007A15D7 /* Debug */ = {
			isa = XCBuildConfiguration;
			buildSettings = {
				ALWAYS_SEARCH_USER_PATHS = NO;
				ASSETCATALOG_COMPILER_GENERATE_SWIFT_ASSET_SYMBOL_EXTENSIONS = YES;
				CLANG_ANALYZER_NONNULL = YES;
				CLANG_ANALYZER_NUMBER_OBJECT_CONVERSION = YES_AGGRESSIVE;
				CLANG_CXX_LANGUAGE_STANDARD = "gnu++20";
				CLANG_ENABLE_MODULES = YES;
				CLANG_ENABLE_OBJC_ARC = YES;
				CLANG_ENABLE_OBJC_WEAK = YES;
				CLANG_WARN_BLOCK_CAPTURE_AUTORELEASING = YES;
				CLANG_WARN_BOOL_CONVERSION = YES;
				CLANG_WARN_COMMA = YES;
				CLANG_WARN_CONSTANT_CONVERSION = YES;
				CLANG_WARN_DEPRECATED_OBJC_IMPLEMENTATIONS = YES;
				CLANG_WARN_DIRECT_OBJC_ISA_USAGE = YES_ERROR;
				CLANG_WARN_DOCUMENTATION_COMMENTS = YES;
				CLANG_WARN_EMPTY_BODY = YES;
				CLANG_WARN_ENUM_CONVERSION = YES;
				CLANG_WARN_INFINITE_RECURSION = YES;
				CLANG_WARN_INT_CONVERSION = YES;
				CLANG_WARN_NON_LITERAL_NULL_CONVERSION = YES;
				CLANG_WARN_OBJC_IMPLICIT_RETAIN_SELF = YES;
				CLANG_WARN_OBJC_LITERAL_CONVERSION = YES;
				CLANG_WARN_OBJC_ROOT_CLASS = YES_ERROR;
				CLANG_WARN_QUOTED_INCLUDE_IN_FRAMEWORK_HEADER = YES;
				CLANG_WARN_RANGE_LOOP_ANALYSIS = YES;
				CLANG_WARN_STRICT_PROTOTYPES = YES;
				CLANG_WARN_SUSPICIOUS_MOVE = YES;
				CLANG_WARN_UNGUARDED_AVAILABILITY = YES_AGGRESSIVE;
				CLANG_WARN_UNREACHABLE_CODE = YES;
				CLANG_WARN__DUPLICATE_METHOD_MATCH = YES;
				COPY_PHASE_STRIP = NO;
				DEBUG_INFORMATION_FORMAT = dwarf;
				ENABLE_STRICT_OBJC_MSGSEND = YES;
				ENABLE_TESTABILITY = YES;
				ENABLE_USER_SCRIPT_SANDBOXING = YES;
				GCC_C_LANGUAGE_STANDARD = gnu17;
				GCC_DYNAMIC_NO_PIC = NO;
				GCC_NO_COMMON_BLOCKS = YES;
				GCC_OPTIMIZATION_LEVEL = 0;
				GCC_PREPROCESSOR_DEFINITIONS = (
					"DEBUG=1",
					"$(inherited)",
				);
				GCC_WARN_64_TO_32_BIT_CONVERSION = YES;
				GCC_WARN_ABOUT_RETURN_TYPE = YES_ERROR;
				GCC_WARN_UNDECLARED_SELECTOR = YES;
				GCC_WARN_UNINITIALIZED_AUTOS = YES_AGGRESSIVE;
				GCC_WARN_UNUSED_FUNCTION = YES;
				GCC_WARN_UNUSED_VARIABLE = YES;
				LOCALIZATION_PREFERS_STRING_CATALOGS = YES;
				MACOSX_DEPLOYMENT_TARGET = 14.5;
				MTL_ENABLE_DEBUG_INFO = INCLUDE_SOURCE;
				MTL_FAST_MATH = YES;
				ONLY_ACTIVE_ARCH = YES;
				SDKROOT = macosx;
			};
			name = Debug;
		};
		F299DFB22C974CA9007A15D7 /* Release */ = {
			isa = XCBuildConfiguration;
			buildSettings = {
				ALWAYS_SEARCH_USER_PATHS = NO;
				ASSETCATALOG_COMPILER_GENERATE_SWIFT_ASSET_SYMBOL_EXTENSIONS = YES;
				CLANG_ANALYZER_NONNULL = YES;
				CLANG_ANALYZER_NUMBER_OBJECT_CONVERSION = YES_AGGRESSIVE;
				CLANG_CXX_LANGUAGE_STANDARD = "gnu++20";
				CLANG_ENABLE_MODULES = YES;
				CLANG_ENABLE_OBJC_ARC = YES;
				CLANG_ENABLE_OBJC_WEAK = YES;
				CLANG_WARN_BLOCK_CAPTURE_AUTORELEASING = YES;
				CLANG_WARN_BOOL_CONVERSION = YES;
				CLANG_WARN_COMMA = YES;
				CLANG_WARN_CONSTANT_CONVERSION = YES;
				CLANG_WARN_DEPRECATED_OBJC_IMPLEMENTATIONS = YES;
				CLANG_WARN_DIRECT_OBJC_ISA_USAGE = YES_ERROR;
				CLANG_WARN_DOCUMENTATION_COMMENTS = YES;
				CLANG_WARN_EMPTY_BODY = YES;
				CLANG_WARN_ENUM_CONVERSION = YES;
				CLANG_WARN_INFINITE_RECURSION = YES;
				CLANG_WARN_INT_CONVERSION = YES;
				CLANG_WARN_NON_LITERAL_NULL_CONVERSION = YES;
				CLANG_WARN_OBJC_IMPLICIT_RETAIN_SELF = YES;
				CLANG_WARN_OBJC_LITERAL_CONVERSION = YES;
				CLANG_WARN_OBJC_ROOT_CLASS = YES_ERROR;
				CLANG_WARN_QUOTED_INCLUDE_IN_FRAMEWORK_HEADER = YES;
				CLANG_WARN_RANGE_LOOP_ANALYSIS = YES;
				CLANG_WARN_STRICT_PROTOTYPES = YES;
				CLANG_WARN_SUSPICIOUS_MOVE = YES;
				CLANG_WARN_UNGUARDED_AVAILABILITY = YES_AGGRESSIVE;
				CLANG_WARN_UNREACHABLE_CODE = YES;
				CLANG_WARN__DUPLICATE_METHOD_MATCH = YES;
				COPY_PHASE_STRIP = NO;
				DEBUG_INFORMATION_FORMAT = "dwarf-with-dsym";
				ENABLE_NS_ASSERTIONS = NO;
				ENABLE_STRICT_OBJC_MSGSEND = YES;
				ENABLE_USER_SCRIPT_SANDBOXING = YES;
				GCC_C_LANGUAGE_STANDARD = gnu17;
				GCC_NO_COMMON_BLOCKS = YES;
				GCC_WARN_64_TO_32_BIT_CONVERSION = YES;
				GCC_WARN_ABOUT_RETURN_TYPE = YES_ERROR;
				GCC_WARN_UNDECLARED_SELECTOR = YES;
				GCC_WARN_UNINITIALIZED_AUTOS = YES_AGGRESSIVE;
				GCC_WARN_UNUSED_FUNCTION = YES;
				GCC_WARN_UNUSED_VARIABLE = YES;
				LOCALIZATION_PREFERS_STRING_CATALOGS = YES;
				MACOSX_DEPLOYMENT_TARGET = 14.5;
				MTL_ENABLE_DEBUG_INFO = NO;
				MTL_FAST_MATH = YES;
				SDKROOT = macosx;
			};
			name = Release;
		};
		F299DFB42C974CA9007A15D7 /* Debug */ = {
			isa = XCBuildConfiguration;
			buildSettings = {
				CODE_SIGN_STYLE = Automatic;
				DEVELOPMENT_TEAM = RU6HM6JTH5;
				EXECUTABLE_PREFIX = lib;
				GCC_ENABLE_CPP_EXCEPTIONS = YES;
				GCC_ENABLE_CPP_RTTI = YES;
				PRODUCT_NAME = "$(TARGET_NAME)";
				SKIP_INSTALL = YES;
			};
			name = Debug;
		};
		F299DFB52C974CA9007A15D7 /* Release */ = {
			isa = XCBuildConfiguration;
			buildSettings = {
				CODE_SIGN_STYLE = Automatic;
				DEVELOPMENT_TEAM = RU6HM6JTH5;
				EXECUTABLE_PREFIX = lib;
				GCC_ENABLE_CPP_EXCEPTIONS = YES;
				GCC_ENABLE_CPP_RTTI = YES;
				PRODUCT_NAME = "$(TARGET_NAME)";
				SKIP_INSTALL = YES;
			};
			name = Release;
		};
/* End XCBuildConfiguration section */

/* Begin XCConfigurationList section */
		F299DFA32C974CA9007A15D7 /* Build configuration list for PBXProject "PipeComm" */ = {
			isa = XCConfigurationList;
			buildConfigurations = (
				F299DFB12C974CA9007A15D7 /* Debug */,
				F299DFB22C974CA9007A15D7 /* Release */,
			);
			defaultConfigurationIsVisible = 0;
			defaultConfigurationName = Release;
		};
		F299DFB32C974CA9007A15D7 /* Build configuration list for PBXNativeTarget "PipeComm" */ = {
			isa = XCConfigurationList;
			buildConfigurations = (
				F299DFB42C974CA9007A15D7 /* Debug */,
				F299DFB52C974CA9007A15D7 /* Release */,
			);
			defaultConfigurationIsVisible = 0;
			defaultConfigurationName = Release;
		};
/* End XCConfigurationList section */
	};
	rootObject = F299DFA02C974CA9007A15D7 /* Project object */;
}
